{
  "name": "sandbox-sdk-309-minimal",
  "lockfileVersion": 3,
  "requires": true,
  "packages": {
    "": {
      "name": "sandbox-sdk-309-minimal",
      "dependencies": {
        "@cloudflare/sandbox": "^0.7.0"
      }
    },
    "node_modules/@cloudflare/containers": {
      "version": "0.0.30",
      "resolved": "https://registry.npmjs.org/@cloudflare/containers/-/containers-0.0.30.tgz",
      "integrity": "sha512-i148xBgmyn/pje82ZIyuTr/Ae0BT/YWwa1/GTJcw6DxEjUHAzZLaBCiX446U9OeuJ2rBh/L/9FIzxX5iYNt1AQ==",
      "license": "ISC"
    },
    "node_modules/@cloudflare/sandbox": {
      "version": "0.7.0",
      "resolved": "https://registry.npmjs.org/@cloudflare/sandbox/-/sandbox-0.7.0.tgz",
      "integrity": "sha512-U9e/fqc2R/epygMRoRFZxjM6z8ZSyJqQSFFykWTLWl2j+c9+kK9reBjp1G/RcvTAGtv8pH3Dac21jmvh4ZbGXg==",
      "license": "Apache-2.0",
      "dependencies": {
        "@cloudflare/containers": "^0.0.30"
      },
      "peerDependencies": {
        "@openai/agents": "^0.3.3",
        "@opencode-ai/sdk": "^1.0.137"
      },
      "peerDependenciesMeta": {
        "@openai/agents": {
          "optional": true
        },
        "@opencode-ai/sdk": {
          "optional": true
        }
      }
    }
  }
}
